PODS:
  - Flutter (1.0.0)
  - upi_pay (1.0.0):
    - Flutter

DEPENDENCIES:
  - Flutter (from `Flutter`)
  - upi_pay (from `.symlinks/plugins/upi_pay/ios`)

EXTERNAL SOURCES:
  Flutter:
    :path: Flutter
  upi_pay:
    :path: ".symlinks/plugins/upi_pay/ios"

SPEC CHECKSUMS:
  Flutter: cabc95a1d2626b1b06e7179b784ebcf0c0cde467
  upi_pay: 4ffb5028e10f04ab1a9d2098325f10ac8ec12db1

PODFILE CHECKSUM: 0dbd5a87e0ace00c9610d2037ac22083a01f861d

COCOAPODS: 1.16.2
